// !$*UTF8*$!
{
	archiveVersion = 1;
	classes = {
	};
	objectVersion = 77;
	objects = {

/* Begin PBXBuildFile section */
		D1EE1DB72E124D690016C094 /* Secrets.plist in Resources */ = {isa = PBXBuildFile; fileRef = D1EE1DB62E124D690016C094 /* Secrets.plist */; };
/* End PBXBuildFile section */

/* Begin PBXContainerItemProxy section */
		D1D4007F2E0D1FE400879899 /* PBXContainerItemProxy */ = {
			isa = PBXContainerItemProxy;
			containerPortal = D1D400652E0D1FE300879899 /* Project object */;
			proxyType = 1;
			remoteGlobalIDString = D1D4006C2E0D1FE300879899;
			remoteInfo = MangaGlass;
		};
		D1D400892E0D1FE400879899 /* PBXContainerItemProxy */ = {
			isa = PBXContainerItemProxy;
			containerPortal = D1D400652E0D1FE300879899 /* Project object */;
			proxyType = 1;
			remoteGlobalIDString = D1D4006C2E0D1FE300879899;
			remoteInfo = MangaGlass;
		};
/* End PBXContainerItemProxy section */

/* Begin PBXFileReference section */
		D1D4006D2E0D1FE300879899 /* MangaGlass.app */ = {isa = PBXFileReference; explicitFileType = wrapper.application; includeInIndex = 0; path = MangaGlass.app; sourceTree = BUILT_PRODUCTS_DIR; };
		D1D4007E2E0D1FE400879899 /* MangaGlassTests.xctest */ = {isa = PBXFileReference; explicitFileType = wrapper.cfbundle; includeInIndex = 0; path = MangaGlassTests.xctest; sourceTree = BUILT_PRODUCTS_DIR; };
		D1D400882E0D1FE400879899 /* MangaGlassUITests.xctest */ = {isa = PBXFileReference; explicitFileType = wrapper.cfbundle; includeInIndex = 0; path = MangaGlassUITests.xctest; sourceTree = BUILT_PRODUCTS_DIR; };
		D1EE1DB62E124D690016C094 /* Secrets.plist */ = {isa = PBXFileReference; lastKnownFileType = text.plist.xml; path = Secrets.plist; sourceTree = "<group>"; };
/* End PBXFileReference section */

/* Begin PBXFileSystemSynchronizedBuildFileExceptionSet section */
		D1D4009C2E0D226500879899 /* Exceptions for "MangaGlass" folder in "MangaGlass" target */ = {
			isa = PBXFileSystemSynchronizedBuildFileExceptionSet;
			membershipExceptions = (
				Info.plist,
			);
			target = D1D4006C2E0D1FE300879899 /* MangaGlass */;
		};
/* End PBXFileSystemSynchronizedBuildFileExceptionSet section */

/* Begin PBXFileSystemSynchronizedRootGroup section */
		D1D4006F2E0D1FE300879899 /* MangaGlass */ = {
			isa = PBXFileSystemSynchronizedRootGroup;
			exceptions = (
				D1D4009C2E0D226500879899 /* Exceptions for "MangaGlass" folder in "MangaGlass" target */,
			);
			path = MangaGlass;
			sourceTree = "<group>";
		};
		D1D400812E0D1FE400879899 /* MangaGlassTests */ = {
			isa = PBXFileSystemSynchronizedRootGroup;
			path = MangaGlassTests;
			sourceTree = "<group>";
		};
		D1D4008B2E0D1FE400879899 /* MangaGlassUITests */ = {
			isa = PBXFileSystemSynchronizedRootGroup;
			path = MangaGlassUITests;
			sourceTree = "<group>";
		};
/* End PBXFileSystemSynchronizedRootGroup section */

/* Begin PBXFrameworksBuildPhase section */
		D1D4006A2E0D1FE300879899 /* Frameworks */ = {
			isa = PBXFrameworksBuildPhase;
			buildActionMask = 2147483647;
			files = (
			);
			runOnlyForDeploymentPostprocessing = 0;
		};
		D1D4007B2E0D1FE400879899 /* Frameworks */ = {
			isa = PBXFrameworksBuildPhase;
			buildActionMask = 2147483647;
			files = (
			);
			runOnlyForDeploymentPostprocessing = 0;
		};
		D1D400852E0D1FE400879899 /* Frameworks */ = {
			isa = PBXFrameworksBuildPhase;
			buildActionMask = 2147483647;
			files = (
			);
			runOnlyForDeploymentPostprocessing = 0;
		};
/* End PBXFrameworksBuildPhase section */

/* Begin PBXGroup section */
		D1D400642E0D1FE300879899 = {
			isa = PBXGroup;
			children = (
				D1EE1DB62E124D690016C094 /* Secrets.plist */,
				D1D4006F2E0D1FE300879899 /* MangaGlass */,
				D1D400812E0D1FE400879899 /* MangaGlassTests */,
				D1D4008B2E0D1FE400879899 /* MangaGlassUITests */,
				D1D4006E2E0D1FE300879899 /* Products */,
			);
			sourceTree = "<group>";
		};
		D1D4006E2E0D1FE300879899 /* Products */ = {
			isa = PBXGroup;
			children = (
				D1D4006D2E0D1FE300879899 /* MangaGlass.app */,
				D1D4007E2E0D1FE400879899 /* MangaGlassTests.xctest */,
				D1D400882E0D1FE400879899 /* MangaGlassUITests.xctest */,
			);
			name = Products;
			sourceTree = "<group>";
		};
/* End PBXGroup section */

/* Begin PBXNativeTarget section */
		D1D4006C2E0D1FE300879899 /* MangaGlass */ = {
			isa = PBXNativeTarget;
			buildConfigurationList = D1D400922E0D1FE400879899 /* Build configuration list for PBXNativeTarget "MangaGlass" */;
			buildPhases = (
				D1D400692E0D1FE300879899 /* Sources */,
				D1D4006A2E0D1FE300879899 /* Frameworks */,
				D1D4006B2E0D1FE300879899 /* Resources */,
			);
			buildRules = (
			);
			dependencies = (
			);
			fileSystemSynchronizedGroups = (
				D1D4006F2E0D1FE300879899 /* MangaGlass */,
			);
			name = MangaGlass;
			packageProductDependencies = (
			);
			productName = MangaGlass;
			productReference = D1D4006D2E0D1FE300879899 /* MangaGlass.app */;
			productType = "com.apple.product-type.application";
		};
		D1D4007D2E0D1FE400879899 /* MangaGlassTests */ = {
			isa = PBXNativeTarget;
			buildConfigurationList = D1D400952E0D1FE400879899 /* Build configuration list for PBXNativeTarget "MangaGlassTests" */;
			buildPhases = (
				D1D4007A2E0D1FE400879899 /* Sources */,
				D1D4007B2E0D1FE400879899 /* Frameworks */,
				D1D4007C2E0D1FE400879899 /* Resources */,
			);
			buildRules = (
			);
			dependencies = (
				D1D400802E0D1FE400879899 /* PBXTargetDependency */,
			);
			fileSystemSynchronizedGroups = (
				D1D400812E0D1FE400879899 /* MangaGlassTests */,
			);
			name = MangaGlassTests;
			packageProductDependencies = (
			);
			productName = MangaGlassTests;
			productReference = D1D4007E2E0D1FE400879899 /* MangaGlassTests.xctest */;
			productType = "com.apple.product-type.bundle.unit-test";
		};
		D1D400872E0D1FE400879899 /* MangaGlassUITests */ = {
			isa = PBXNativeTarget;
			buildConfigurationList = D1D400982E0D1FE400879899 /* Build configuration list for PBXNativeTarget "MangaGlassUITests" */;
			buildPhases = (
				D1D400842E0D1FE400879899 /* Sources */,
				D1D400852E0D1FE400879899 /* Frameworks */,
				D1D400862E0D1FE400879899 /* Resources */,
			);
			buildRules = (
			);
			dependencies = (
				D1D4008A2E0D1FE400879899 /* PBXTargetDependency */,
			);
			fileSystemSynchronizedGroups = (
				D1D4008B2E0D1FE400879899 /* MangaGlassUITests */,
			);
			name = MangaGlassUITests;
			packageProductDependencies = (
			);
			productName = MangaGlassUITests;
			productReference = D1D400882E0D1FE400879899 /* MangaGlassUITests.xctest */;
			productType = "com.apple.product-type.bundle.ui-testing";
		};
/* End PBXNativeTarget section */

/* Begin PBXProject section */
		D1D400652E0D1FE300879899 /* Project object */ = {
			isa = PBXProject;
			attributes = {
				BuildIndependentTargetsInParallel = 1;
				LastSwiftUpdateCheck = 1620;
				LastUpgradeCheck = 1620;
				TargetAttributes = {
					D1D4006C2E0D1FE300879899 = {
						CreatedOnToolsVersion = 16.2;
					};
					D1D4007D2E0D1FE400879899 = {
						CreatedOnToolsVersion = 16.2;
						TestTargetID = D1D4006C2E0D1FE300879899;
					};
					D1D400872E0D1FE400879899 = {
						CreatedOnToolsVersion = 16.2;
						TestTargetID = D1D4006C2E0D1FE300879899;
					};
				};
			};
			buildConfigurationList = D1D400682E0D1FE300879899 /* Build configuration list for PBXProject "MangaGlass" */;
			developmentRegion = en;
			hasScannedForEncodings = 0;
			knownRegions = (
				en,
				Base,
			);
			mainGroup = D1D400642E0D1FE300879899;
			minimizedProjectReferenceProxies = 1;
			preferredProjectObjectVersion = 77;
			productRefGroup = D1D4006E2E0D1FE300879899 /* Products */;
			projectDirPath = "";
			projectRoot = "";
			targets = (
				D1D4006C2E0D1FE300879899 /* MangaGlass */,
				D1D4007D2E0D1FE400879899 /* MangaGlassTests */,
				D1D400872E0D1FE400879899 /* MangaGlassUITests */,
			);
		};
/* End PBXProject section */

/* Begin PBXResourcesBuildPhase section */
		D1D4006B2E0D1FE300879899 /* Resources */ = {
			isa = PBXResourcesBuildPhase;
			buildActionMask = 2147483647;
			files = (
				D1EE1DB72E124D690016C094 /* Secrets.plist in Resources */,
			);
			runOnlyForDeploymentPostprocessing = 0;
		};
		D1D4007C2E0D1FE400879899 /* Resources */ = {
			isa = PBXResourcesBuildPhase;
			buildActionMask = 2147483647;
			files = (
			);
			runOnlyForDeploymentPostprocessing = 0;
		};
		D1D400862E0D1FE400879899 /* Resources */ = {
			isa = PBXResourcesBuildPhase;
			buildActionMask = 2147483647;
			files = (
			);
			runOnlyForDeploymentPostprocessing = 0;
		};
/* End PBXResourcesBuildPhase section */

/* Begin PBXSourcesBuildPhase section */
		D1D400692E0D1FE300879899 /* Sources */ = {
			isa = PBXSourcesBuildPhase;
			buildActionMask = 2147483647;
			files = (
			);
			runOnlyForDeploymentPostprocessing = 0;
		};
		D1D4007A2E0D1FE400879899 /* Sources */ = {
			isa = PBXSourcesBuildPhase;
			buildActionMask = 2147483647;
			files = (
			);
			runOnlyForDeploymentPostprocessing = 0;
		};
		D1D400842E0D1FE400879899 /* Sources */ = {
			isa = PBXSourcesBuildPhase;
			buildActionMask = 2147483647;
			files = (
			);
			runOnlyForDeploymentPostprocessing = 0;
		};
/* End PBXSourcesBuildPhase section */

/* Begin PBXTargetDependency section */
		D1D400802E0D1FE400879899 /* PBXTargetDependency */ = {
			isa = PBXTargetDependency;
			target = D1D4006C2E0D1FE300879899 /* MangaGlass */;
			targetProxy = D1D4007F2E0D1FE400879899 /* PBXContainerItemProxy */;
		};
		D1D4008A2E0D1FE400879899 /* PBXTargetDependency */ = {
			isa = PBXTargetDependency;
			target = D1D4006C2E0D1FE300879899 /* MangaGlass */;
			targetProxy = D1D400892E0D1FE400879899 /* PBXContainerItemProxy */;
		};
/* End PBXTargetDependency section */

/* Begin XCBuildConfiguration section */
		D1D400902E0D1FE400879899 /* Debug */ = {
			isa = XCBuildConfiguration;
			buildSettings = {
				ALWAYS_SEARCH_USER_PATHS = NO;
				ASSETCATALOG_COMPILER_GENERATE_SWIFT_ASSET_SYMBOL_EXTENSIONS = YES;
				CLANG_ANALYZER_NONNULL = YES;
				CLANG_ANALYZER_NUMBER_OBJECT_CONVERSION = YES_AGGRESSIVE;
				CLANG_CXX_LANGUAGE_STANDARD = "gnu++20";
				CLANG_ENABLE_MODULES = YES;
				CLANG_ENABLE_OBJC_ARC = YES;
				CLANG_ENABLE_OBJC_WEAK = YES;
				CLANG_WARN_BLOCK_CAPTURE_AUTORELEASING = YES;
				CLANG_WARN_BOOL_CONVERSION = YES;
				CLANG_WARN_COMMA = YES;
				CLANG_WARN_CONSTANT_CONVERSION = YES;
				CLANG_WARN_DEPRECATED_OBJC_IMPLEMENTATIONS = YES;
				CLANG_WARN_DIRECT_OBJC_ISA_USAGE = YES_ERROR;
				CLANG_WARN_DOCUMENTATION_COMMENTS = YES;
				CLANG_WARN_EMPTY_BODY = YES;
				CLANG_WARN_ENUM_CONVERSION = YES;
				CLANG_WARN_INFINITE_RECURSION = YES;
				CLANG_WARN_INT_CONVERSION = YES;
				CLANG_WARN_NON_LITERAL_NULL_CONVERSION = YES;
				CLANG_WARN_OBJC_IMPLICIT_RETAIN_SELF = YES;
				CLANG_WARN_OBJC_LITERAL_CONVERSION = YES;
				CLANG_WARN_OBJC_ROOT_CLASS = YES_ERROR;
				CLANG_WARN_QUOTED_INCLUDE_IN_FRAMEWORK_HEADER = YES;
				CLANG_WARN_RANGE_LOOP_ANALYSIS = YES;
				CLANG_WARN_STRICT_PROTOTYPES = YES;
				CLANG_WARN_SUSPICIOUS_MOVE = YES;
				CLANG_WARN_UNGUARDED_AVAILABILITY = YES_AGGRESSIVE;
				CLANG_WARN_UNREACHABLE_CODE = YES;
				CLANG_WARN__DUPLICATE_METHOD_MATCH = YES;
				COPY_PHASE_STRIP = NO;
				DEBUG_INFORMATION_FORMAT = dwarf;
				ENABLE_STRICT_OBJC_MSGSEND = YES;
				ENABLE_TESTABILITY = YES;
				ENABLE_USER_SCRIPT_SANDBOXING = YES;
				GCC_C_LANGUAGE_STANDARD = gnu17;
				GCC_DYNAMIC_NO_PIC = NO;
				GCC_NO_COMMON_BLOCKS = YES;
				GCC_OPTIMIZATION_LEVEL = 0;
				GCC_PREPROCESSOR_DEFINITIONS = (
					"DEBUG=1",
					"$(inherited)",
				);
				GCC_WARN_64_TO_32_BIT_CONVERSION = YES;
				GCC_WARN_ABOUT_RETURN_TYPE = YES_ERROR;
				GCC_WARN_UNDECLARED_SELECTOR = YES;
				GCC_WARN_UNINITIALIZED_AUTOS = YES_AGGRESSIVE;
				GCC_WARN_UNUSED_FUNCTION = YES;
				GCC_WARN_UNUSED_VARIABLE = YES;
				LOCALIZATION_PREFERS_STRING_CATALOGS = YES;
				MACOSX_DEPLOYMENT_TARGET = 15.2;
				MTL_ENABLE_DEBUG_INFO = INCLUDE_SOURCE;
				MTL_FAST_MATH = YES;
				ONLY_ACTIVE_ARCH = YES;
				SDKROOT = macosx;
				SWIFT_ACTIVE_COMPILATION_CONDITIONS = "DEBUG $(inherited)";
				SWIFT_OPTIMIZATION_LEVEL = "-Onone";
			};
			name = Debug;
		};
		D1D400912E0D1FE400879899 /* Release */ = {
			isa = XCBuildConfiguration;
			buildSettings = {
				ALWAYS_SEARCH_USER_PATHS = NO;
				ASSETCATALOG_COMPILER_GENERATE_SWIFT_ASSET_SYMBOL_EXTENSIONS = YES;
				CLANG_ANALYZER_NONNULL = YES;
				CLANG_ANALYZER_NUMBER_OBJECT_CONVERSION = YES_AGGRESSIVE;
				CLANG_CXX_LANGUAGE_STANDARD = "gnu++20";
				CLANG_ENABLE_MODULES = YES;
				CLANG_ENABLE_OBJC_ARC = YES;
				CLANG_ENABLE_OBJC_WEAK = YES;
				CLANG_WARN_BLOCK_CAPTURE_AUTORELEASING = YES;
				CLANG_WARN_BOOL_CONVERSION = YES;
				CLANG_WARN_COMMA = YES;
				CLANG_WARN_CONSTANT_CONVERSION = YES;
				CLANG_WARN_DEPRECATED_OBJC_IMPLEMENTATIONS = YES;
				CLANG_WARN_DIRECT_OBJC_ISA_USAGE = YES_ERROR;
				CLANG_WARN_DOCUMENTATION_COMMENTS = YES;
				CLANG_WARN_EMPTY_BODY = YES;
				CLANG_WARN_ENUM_CONVERSION = YES;
				CLANG_WARN_INFINITE_RECURSION = YES;
				CLANG_WARN_INT_CONVERSION = YES;
				CLANG_WARN_NON_LITERAL_NULL_CONVERSION = YES;
				CLANG_WARN_OBJC_IMPLICIT_RETAIN_SELF = YES;
				CLANG_WARN_OBJC_LITERAL_CONVERSION = YES;
				CLANG_WARN_OBJC_ROOT_CLASS = YES_ERROR;
				CLANG_WARN_QUOTED_INCLUDE_IN_FRAMEWORK_HEADER = YES;
				CLANG_WARN_RANGE_LOOP_ANALYSIS = YES;
				CLANG_WARN_STRICT_PROTOTYPES = YES;
				CLANG_WARN_SUSPICIOUS_MOVE = YES;
				CLANG_WARN_UNGUARDED_AVAILABILITY = YES_AGGRESSIVE;
				CLANG_WARN_UNREACHABLE_CODE = YES;
				CLANG_WARN__DUPLICATE_METHOD_MATCH = YES;
				COPY_PHASE_STRIP = NO;
				DEBUG_INFORMATION_FORMAT = "dwarf-with-dsym";
				ENABLE_NS_ASSERTIONS = NO;
				ENABLE_STRICT_OBJC_MSGSEND = YES;
				ENABLE_USER_SCRIPT_SANDBOXING = YES;
				GCC_C_LANGUAGE_STANDARD = gnu17;
				GCC_NO_COMMON_BLOCKS = YES;
				GCC_WARN_64_TO_32_BIT_CONVERSION = YES;
				GCC_WARN_ABOUT_RETURN_TYPE = YES_ERROR;
				GCC_WARN_UNDECLARED_SELECTOR = YES;
				GCC_WARN_UNINITIALIZED_AUTOS = YES_AGGRESSIVE;
				GCC_WARN_UNUSED_FUNCTION = YES;
				GCC_WARN_UNUSED_VARIABLE = YES;
				LOCALIZATION_PREFERS_STRING_CATALOGS = YES;
				MACOSX_DEPLOYMENT_TARGET = 15.2;
				MTL_ENABLE_DEBUG_INFO = NO;
				MTL_FAST_MATH = YES;
				SDKROOT = macosx;
				SWIFT_COMPILATION_MODE = wholemodule;
			};
			name = Release;
		};
		D1D400932E0D1FE400879899 /* Debug */ = {
			isa = XCBuildConfiguration;
			buildSettings = {
				ASSETCATALOG_COMPILER_APPICON_NAME = AppIcon;
				ASSETCATALOG_COMPILER_GLOBAL_ACCENT_COLOR_NAME = AccentColor;
				CODE_SIGN_ENTITLEMENTS = MangaGlass/MangaGlass.entitlements;
				CODE_SIGN_STYLE = Automatic;
				COMBINE_HIDPI_IMAGES = YES;
				CURRENT_PROJECT_VERSION = 1;
				DEVELOPMENT_ASSET_PATHS = "\"MangaGlass/Preview Content\"";
				DEVELOPMENT_TEAM = 5WWSABLA7T;
				ENABLE_HARDENED_RUNTIME = YES;
				ENABLE_PREVIEWS = YES;
				GENERATE_INFOPLIST_FILE = YES;
				INFOPLIST_FILE = MangaGlass/Info.plist;
				INFOPLIST_KEY_NSHumanReadableCopyright = "";
				LD_RUNPATH_SEARCH_PATHS = (
					"$(inherited)",
					"@executable_path/../Frameworks",
				);
				MACOSX_DEPLOYMENT_TARGET = 13.5;
				MARKETING_VERSION = 1.0;
				PRODUCT_BUNDLE_IDENTIFIER = "https---github.com-woo7348.MangaGlass";
				PRODUCT_NAME = "$(TARGET_NAME)";
				SWIFT_EMIT_LOC_STRINGS = YES;
				SWIFT_VERSION = 5.0;
			};
			name = Debug;
		};
		D1D400942E0D1FE400879899 /* Release */ = {
			isa = XCBuildConfiguration;
			buildSettings = {
				ASSETCATALOG_COMPILER_APPICON_NAME = AppIcon;
				ASSETCATALOG_COMPILER_GLOBAL_ACCENT_COLOR_NAME = AccentColor;
				CODE_SIGN_ENTITLEMENTS = MangaGlass/MangaGlass.entitlements;
				CODE_SIGN_STYLE = Automatic;
				COMBINE_HIDPI_IMAGES = YES;
				CURRENT_PROJECT_VERSION = 1;
				DEVELOPMENT_ASSET_PATHS = "\"MangaGlass/Preview Content\"";
				DEVELOPMENT_TEAM = 5WWSABLA7T;
				ENABLE_HARDENED_RUNTIME = YES;
				ENABLE_PREVIEWS = YES;
				GENERATE_INFOPLIST_FILE = YES;
				INFOPLIST_FILE = MangaGlass/Info.plist;
				INFOPLIST_KEY_NSHumanReadableCopyright = "";
				LD_RUNPATH_SEARCH_PATHS = (
					"$(inherited)",
					"@executable_path/../Frameworks",
				);
				MACOSX_DEPLOYMENT_TARGET = 13.5;
				MARKETING_VERSION = 1.0;
				PRODUCT_BUNDLE_IDENTIFIER = "https---github.com-woo7348.MangaGlass";
				PRODUCT_NAME = "$(TARGET_NAME)";
				SWIFT_EMIT_LOC_STRINGS = YES;
				SWIFT_VERSION = 5.0;
			};
			name = Release;
		};
		D1D400962E0D1FE400879899 /* Debug */ = {
			isa = XCBuildConfiguration;
			buildSettings = {
				BUNDLE_LOADER = "$(TEST_HOST)";
				CODE_SIGN_STYLE = Automatic;
				CURRENT_PROJECT_VERSION = 1;
				DEVELOPMENT_TEAM = 5WWSABLA7T;
				GENERATE_INFOPLIST_FILE = YES;
				MACOSX_DEPLOYMENT_TARGET = 15.2;
				MARKETING_VERSION = 1.0;
				PRODUCT_BUNDLE_IDENTIFIER = "https---github.com-woo7348.MangaGlassTests";
				PRODUCT_NAME = "$(TARGET_NAME)";
				SWIFT_EMIT_LOC_STRINGS = NO;
				SWIFT_VERSION = 5.0;
				TEST_HOST = "$(BUILT_PRODUCTS_DIR)/MangaGlass.app/$(BUNDLE_EXECUTABLE_FOLDER_PATH)/MangaGlass";
			};
			name = Debug;
		};
		D1D400972E0D1FE400879899 /* Release */ = {
			isa = XCBuildConfiguration;
			buildSettings = {
				BUNDLE_LOADER = "$(TEST_HOST)";
				CODE_SIGN_STYLE = Automatic;
				CURRENT_PROJECT_VERSION = 1;
				DEVELOPMENT_TEAM = 5WWSABLA7T;
				GENERATE_INFOPLIST_FILE = YES;
				MACOSX_DEPLOYMENT_TARGET = 15.2;
				MARKETING_VERSION = 1.0;
				PRODUCT_BUNDLE_IDENTIFIER = "https---github.com-woo7348.MangaGlassTests";
				PRODUCT_NAME = "$(TARGET_NAME)";
				SWIFT_EMIT_LOC_STRINGS = NO;
				SWIFT_VERSION = 5.0;
				TEST_HOST = "$(BUILT_PRODUCTS_DIR)/MangaGlass.app/$(BUNDLE_EXECUTABLE_FOLDER_PATH)/MangaGlass";
			};
			name = Release;
		};
		D1D400992E0D1FE400879899 /* Debug */ = {
			isa = XCBuildConfiguration;
			buildSettings = {
				CODE_SIGN_STYLE = Automatic;
				CURRENT_PROJECT_VERSION = 1;
				DEVELOPMENT_TEAM = 5WWSABLA7T;
				GENERATE_INFOPLIST_FILE = YES;
				MARKETING_VERSION = 1.0;
				PRODUCT_BUNDLE_IDENTIFIER = "https---github.com-woo7348.MangaGlassUITests";
				PRODUCT_NAME = "$(TARGET_NAME)";
				SWIFT_EMIT_LOC_STRINGS = NO;
				SWIFT_VERSION = 5.0;
				TEST_TARGET_NAME = MangaGlass;
			};
			name = Debug;
		};
		D1D4009A2E0D1FE400879899 /* Release */ = {
			isa = XCBuildConfiguration;
			buildSettings = {
				CODE_SIGN_STYLE = Automatic;
				CURRENT_PROJECT_VERSION = 1;
				DEVELOPMENT_TEAM = 5WWSABLA7T;
				GENERATE_INFOPLIST_FILE = YES;
				MARKETING_VERSION = 1.0;
				PRODUCT_BUNDLE_IDENTIFIER = "https---github.com-woo7348.MangaGlassUITests";
				PRODUCT_NAME = "$(TARGET_NAME)";
				SWIFT_EMIT_LOC_STRINGS = NO;
				SWIFT_VERSION = 5.0;
				TEST_TARGET_NAME = MangaGlass;
			};
			name = Release;
		};
/* End XCBuildConfiguration section */

/* Begin XCConfigurationList section */
		D1D400682E0D1FE300879899 /* Build configuration list for PBXProject "MangaGlass" */ = {
			isa = XCConfigurationList;
			buildConfigurations = (
				D1D400902E0D1FE400879899 /* Debug */,
				D1D400912E0D1FE400879899 /* Release */,
			);
			defaultConfigurationIsVisible = 0;
			defaultConfigurationName = Release;
		};
		D1D400922E0D1FE400879899 /* Build configuration list for PBXNativeTarget "MangaGlass" */ = {
			isa = XCConfigurationList;
			buildConfigurations = (
				D1D400932E0D1FE400879899 /* Debug */,
				D1D400942E0D1FE400879899 /* Release */,
			);
			defaultConfigurationIsVisible = 0;
			defaultConfigurationName = Release;
		};
		D1D400952E0D1FE400879899 /* Build configuration list for PBXNativeTarget "MangaGlassTests" */ = {
			isa = XCConfigurationList;
			buildConfigurations = (
				D1D400962E0D1FE400879899 /* Debug */,
				D1D400972E0D1FE400879899 /* Release */,
			);
			defaultConfigurationIsVisible = 0;
			defaultConfigurationName = Release;
		};
		D1D400982E0D1FE400879899 /* Build configuration list for PBXNativeTarget "MangaGlassUITests" */ = {
			isa = XCConfigurationList;
			buildConfigurations = (
				D1D400992E0D1FE400879899 /* Debug */,
				D1D4009A2E0D1FE400879899 /* Release */,
			);
			defaultConfigurationIsVisible = 0;
			defaultConfigurationName = Release;
		};
/* End XCConfigurationList section */
	};
	rootObject = D1D400652E0D1FE300879899 /* Project object */;
}
